// !$*UTF8*$!
{
	archiveVersion = 1;
	classes = {
	};
	objectVersion = 46;
	objects = {

/* Begin PBXBuildFile section */
		2667785A1FDE8FA600CE1A84 /* DaisyPig.bundle in Resources */ = {isa = PBXBuildFile; fileRef = 266778531FDE8FA500CE1A84 /* DaisyPig.bundle */; };
		2667785B1FDE8FA600CE1A84 /* tanghulu.bundle in Resources */ = {isa = PBXBuildFile; fileRef = 266778541FDE8FA500CE1A84 /* tanghulu.bundle */; };
		2667785C1FDE8FA600CE1A84 /* fu_ztt_520kouh.bundle in Resources */ = {isa = PBXBuildFile; fileRef = 266778551FDE8FA500CE1A84 /* fu_ztt_520kouh.bundle */; };
		2667785E1FDE8FA600CE1A84 /* tiger.bundle in Resources */ = {isa = PBXBuildFile; fileRef = 266778571FDE8FA500CE1A84 /* tiger.bundle */; };
		2667785F1FDE8FA600CE1A84 /* chri3.bundle in Resources */ = {isa = PBXBuildFile; fileRef = 266778581FDE8FA500CE1A84 /* chri3.bundle */; };
		266778601FDE8FA600CE1A84 /* fu_ztt_live520.bundle in Resources */ = {isa = PBXBuildFile; fileRef = 266778591FDE8FA600CE1A84 /* fu_ztt_live520.bundle */; };
		266778681FDE8FB600CE1A84 /* tanghulu.png in Resources */ = {isa = PBXBuildFile; fileRef = 266778611FDE8FB500CE1A84 /* tanghulu.png */; };
		266778691FDE8FB600CE1A84 /* chri3.png in Resources */ = {isa = PBXBuildFile; fileRef = 266778621FDE8FB500CE1A84 /* chri3.png */; };
		2667786A1FDE8FB600CE1A84 /* tiger.png in Resources */ = {isa = PBXBuildFile; fileRef = 266778631FDE8FB500CE1A84 /* tiger.png */; };
		2667786B1FDE8FB600CE1A84 /* fu_ztt_live520.png in Resources */ = {isa = PBXBuildFile; fileRef = 266778641FDE8FB500CE1A84 /* fu_ztt_live520.png */; };
		2667786D1FDE8FB600CE1A84 /* DaisyPig.png in Resources */ = {isa = PBXBuildFile; fileRef = 266778661FDE8FB600CE1A84 /* DaisyPig.png */; };
		2667786E1FDE8FB600CE1A84 /* fu_ztt_520kouh.png in Resources */ = {isa = PBXBuildFile; fileRef = 266778671FDE8FB600CE1A84 /* fu_ztt_520kouh.png */; };
		266778781FDEA6DE00CE1A84 /* newMood.bundle in Resources */ = {isa = PBXBuildFile; fileRef = 266778771FDEA6DD00CE1A84 /* newMood.bundle */; };
		2667787A1FDEA6E700CE1A84 /* newMood.png in Resources */ = {isa = PBXBuildFile; fileRef = 266778791FDEA6E700CE1A84 /* newMood.png */; };
		26B7BC431FDE736A000A1057 /* fuFilter.json in Resources */ = {isa = PBXBuildFile; fileRef = 26B7BC371FDE736A000A1057 /* fuFilter.json */; };
		26B7BC441FDE736A000A1057 /* BeagleDog.png in Resources */ = {isa = PBXBuildFile; fileRef = 26B7BC391FDE736A000A1057 /* BeagleDog.png */; };
		26B7BC451FDE736A000A1057 /* ColorCrown.png in Resources */ = {isa = PBXBuildFile; fileRef = 26B7BC3A1FDE736A000A1057 /* ColorCrown.png */; };
		26B7BC461FDE736A000A1057 /* Deer.png in Resources */ = {isa = PBXBuildFile; fileRef = 26B7BC3B1FDE736A000A1057 /* Deer.png */; };
		26B7BC481FDE736A000A1057 /* HappyRabbi.png in Resources */ = {isa = PBXBuildFile; fileRef = 26B7BC3D1FDE736A000A1057 /* HappyRabbi.png */; };
		26B7BC551FDE751D000A1057 /* BeagleDog.bundle in Resources */ = {isa = PBXBuildFile; fileRef = 26B7BC4F1FDE751D000A1057 /* BeagleDog.bundle */; };
		26B7BC561FDE751D000A1057 /* ColorCrown.bundle in Resources */ = {isa = PBXBuildFile; fileRef = 26B7BC501FDE751D000A1057 /* ColorCrown.bundle */; };
		26B7BC571FDE751D000A1057 /* Deer.bundle in Resources */ = {isa = PBXBuildFile; fileRef = 26B7BC511FDE751D000A1057 /* Deer.bundle */; };
		26B7BC591FDE751D000A1057 /* HappyRabbi.bundle in Resources */ = {isa = PBXBuildFile; fileRef = 26B7BC531FDE751D000A1057 /* HappyRabbi.bundle */; };
		F22DD9E11F42CAAE002832F9 /* AppDelegate.m in Sources */ = {isa = PBXBuildFile; fileRef = F22DD9C61F42CAAE002832F9 /* AppDelegate.m */; };
		F22DD9E21F42CAAE002832F9 /* Assets.xcassets in Resources */ = {isa = PBXBuildFile; fileRef = F22DD9C71F42CAAE002832F9 /* Assets.xcassets */; };
		F22DD9E31F42CAAE002832F9 /* LaunchScreen.storyboard in Resources */ = {isa = PBXBuildFile; fileRef = F22DD9C81F42CAAE002832F9 /* LaunchScreen.storyboard */; };
		F22DD9E41F42CAAE002832F9 /* Main.storyboard in Resources */ = {isa = PBXBuildFile; fileRef = F22DD9CA1F42CAAE002832F9 /* Main.storyboard */; };
		F22DD9E51F42CAAE002832F9 /* FilterManager.m in Sources */ = {isa = PBXBuildFile; fileRef = F22DD9CE1F42CAAE002832F9 /* FilterManager.m */; };
		F22DD9E61F42CAAE002832F9 /* LICENSE in Resources */ = {isa = PBXBuildFile; fileRef = F22DD9D01F42CAAE002832F9 /* LICENSE */; };
		F22DD9E71F42CAAE002832F9 /* MBProgressHUD.m in Sources */ = {isa = PBXBuildFile; fileRef = F22DD9D21F42CAAE002832F9 /* MBProgressHUD.m */; };
		F22DD9E81F42CAAE002832F9 /* README.mdown in Sources */ = {isa = PBXBuildFile; fileRef = F22DD9D31F42CAAE002832F9 /* README.mdown */; };
		F22DD9E91F42CAAE002832F9 /* UIButton+init.m in Sources */ = {isa = PBXBuildFile; fileRef = F22DD9D51F42CAAE002832F9 /* UIButton+init.m */; };
		F22DD9EA1F42CAAE002832F9 /* UIColor+Expanded.m in Sources */ = {isa = PBXBuildFile; fileRef = F22DD9D71F42CAAE002832F9 /* UIColor+Expanded.m */; };
		F22DD9EB1F42CAAE002832F9 /* Info.plist in Resources */ = {isa = PBXBuildFile; fileRef = F22DD9D81F42CAAE002832F9 /* Info.plist */; };
		F22DD9EC1F42CAAE002832F9 /* main.m in Sources */ = {isa = PBXBuildFile; fileRef = F22DD9D91F42CAAE002832F9 /* main.m */; };
		F22DD9ED1F42CAAE002832F9 /* StickerCell.m in Sources */ = {isa = PBXBuildFile; fileRef = F22DD9DC1F42CAAE002832F9 /* StickerCell.m */; };
		F22DD9EE1F42CAAE002832F9 /* StickerView.m in Sources */ = {isa = PBXBuildFile; fileRef = F22DD9DE1F42CAAE002832F9 /* StickerView.m */; };
		F22DD9EF1F42CAAE002832F9 /* ViewController.m in Sources */ = {isa = PBXBuildFile; fileRef = F22DD9E01F42CAAE002832F9 /* ViewController.m */; };
/* End PBXBuildFile section */

/* Begin PBXFileReference section */
		266778531FDE8FA500CE1A84 /* DaisyPig.bundle */ = {isa = PBXFileReference; lastKnownFileType = file; path = DaisyPig.bundle; sourceTree = "<group>"; };
		266778541FDE8FA500CE1A84 /* tanghulu.bundle */ = {isa = PBXFileReference; lastKnownFileType = file; path = tanghulu.bundle; sourceTree = "<group>"; };
		266778551FDE8FA500CE1A84 /* fu_ztt_520kouh.bundle */ = {isa = PBXFileReference; lastKnownFileType = file; path = fu_ztt_520kouh.bundle; sourceTree = "<group>"; };
		266778571FDE8FA500CE1A84 /* tiger.bundle */ = {isa = PBXFileReference; lastKnownFileType = file; path = tiger.bundle; sourceTree = "<group>"; };
		266778581FDE8FA500CE1A84 /* chri3.bundle */ = {isa = PBXFileReference; lastKnownFileType = file; path = chri3.bundle; sourceTree = "<group>"; };
		266778591FDE8FA600CE1A84 /* fu_ztt_live520.bundle */ = {isa = PBXFileReference; lastKnownFileType = file; path = fu_ztt_live520.bundle; sourceTree = "<group>"; };
		266778611FDE8FB500CE1A84 /* tanghulu.png */ = {isa = PBXFileReference; lastKnownFileType = image.png; path = tanghulu.png; sourceTree = "<group>"; };
		266778621FDE8FB500CE1A84 /* chri3.png */ = {isa = PBXFileReference; lastKnownFileType = image.png; path = chri3.png; sourceTree = "<group>"; };
		266778631FDE8FB500CE1A84 /* tiger.png */ = {isa = PBXFileReference; lastKnownFileType = image.png; path = tiger.png; sourceTree = "<group>"; };
		266778641FDE8FB500CE1A84 /* fu_ztt_live520.png */ = {isa = PBXFileReference; lastKnownFileType = image.png; path = fu_ztt_live520.png; sourceTree = "<group>"; };
		266778661FDE8FB600CE1A84 /* DaisyPig.png */ = {isa = PBXFileReference; lastKnownFileType = image.png; path = DaisyPig.png; sourceTree = "<group>"; };
		266778671FDE8FB600CE1A84 /* fu_ztt_520kouh.png */ = {isa = PBXFileReference; lastKnownFileType = image.png; path = fu_ztt_520kouh.png; sourceTree = "<group>"; };
		266778771FDEA6DD00CE1A84 /* newMood.bundle */ = {isa = PBXFileReference; lastKnownFileType = file; path = newMood.bundle; sourceTree = "<group>"; };
		266778791FDEA6E700CE1A84 /* newMood.png */ = {isa = PBXFileReference; lastKnownFileType = image.png; path = newMood.png; sourceTree = "<group>"; };
		26B7BC351FDE7299000A1057 /* Config.h */ = {isa = PBXFileReference; fileEncoding = 4; lastKnownFileType = sourcecode.c.h; path = Config.h; sourceTree = "<group>"; };
		26B7BC371FDE736A000A1057 /* fuFilter.json */ = {isa = PBXFileReference; fileEncoding = 4; lastKnownFileType = text.json; path = fuFilter.json; sourceTree = "<group>"; };
		26B7BC391FDE736A000A1057 /* BeagleDog.png */ = {isa = PBXFileReference; lastKnownFileType = image.png; path = BeagleDog.png; sourceTree = "<group>"; };
		26B7BC3A1FDE736A000A1057 /* ColorCrown.png */ = {isa = PBXFileReference; lastKnownFileType = image.png; path = ColorCrown.png; sourceTree = "<group>"; };
		26B7BC3B1FDE736A000A1057 /* Deer.png */ = {isa = PBXFileReference; lastKnownFileType = image.png; path = Deer.png; sourceTree = "<group>"; };
		26B7BC3D1FDE736A000A1057 /* HappyRabbi.png */ = {isa = PBXFileReference; lastKnownFileType = image.png; path = HappyRabbi.png; sourceTree = "<group>"; };
		26B7BC4F1FDE751D000A1057 /* BeagleDog.bundle */ = {isa = PBXFileReference; lastKnownFileType = file; path = BeagleDog.bundle; sourceTree = "<group>"; };
		26B7BC501FDE751D000A1057 /* ColorCrown.bundle */ = {isa = PBXFileReference; lastKnownFileType = file; path = ColorCrown.bundle; sourceTree = "<group>"; };
		26B7BC511FDE751D000A1057 /* Deer.bundle */ = {isa = PBXFileReference; lastKnownFileType = file; path = Deer.bundle; sourceTree = "<group>"; };
		26B7BC531FDE751D000A1057 /* HappyRabbi.bundle */ = {isa = PBXFileReference; lastKnownFileType = file; path = HappyRabbi.bundle; sourceTree = "<group>"; };
		F2128ED51ED56FB300A6162F /* KMCFuFilterDemo.app */ = {isa = PBXFileReference; explicitFileType = wrapper.application; includeInIndex = 0; path = KMCFuFilterDemo.app; sourceTree = BUILT_PRODUCTS_DIR; };
		F22DD9C51F42CAAE002832F9 /* AppDelegate.h */ = {isa = PBXFileReference; fileEncoding = 4; lastKnownFileType = sourcecode.c.h; path = AppDelegate.h; sourceTree = "<group>"; };
		F22DD9C61F42CAAE002832F9 /* AppDelegate.m */ = {isa = PBXFileReference; fileEncoding = 4; lastKnownFileType = sourcecode.c.objc; path = AppDelegate.m; sourceTree = "<group>"; };
		F22DD9C71F42CAAE002832F9 /* Assets.xcassets */ = {isa = PBXFileReference; lastKnownFileType = folder.assetcatalog; path = Assets.xcassets; sourceTree = "<group>"; };
		F22DD9C91F42CAAE002832F9 /* Base */ = {isa = PBXFileReference; lastKnownFileType = file.storyboard; name = Base; path = Base.lproj/LaunchScreen.storyboard; sourceTree = "<group>"; };
		F22DD9CB1F42CAAE002832F9 /* Base */ = {isa = PBXFileReference; lastKnownFileType = file.storyboard; name = Base; path = Base.lproj/Main.storyboard; sourceTree = "<group>"; };
		F22DD9CD1F42CAAE002832F9 /* FilterManager.h */ = {isa = PBXFileReference; fileEncoding = 4; lastKnownFileType = sourcecode.c.h; path = FilterManager.h; sourceTree = "<group>"; };
		F22DD9CE1F42CAAE002832F9 /* FilterManager.m */ = {isa = PBXFileReference; fileEncoding = 4; lastKnownFileType = sourcecode.c.objc; path = FilterManager.m; sourceTree = "<group>"; };
		F22DD9D01F42CAAE002832F9 /* LICENSE */ = {isa = PBXFileReference; fileEncoding = 4; lastKnownFileType = text; path = LICENSE; sourceTree = "<group>"; };
		F22DD9D11F42CAAE002832F9 /* MBProgressHUD.h */ = {isa = PBXFileReference; fileEncoding = 4; lastKnownFileType = sourcecode.c.h; path = MBProgressHUD.h; sourceTree = "<group>"; };
		F22DD9D21F42CAAE002832F9 /* MBProgressHUD.m */ = {isa = PBXFileReference; fileEncoding = 4; lastKnownFileType = sourcecode.c.objc; path = MBProgressHUD.m; sourceTree = "<group>"; };
		F22DD9D31F42CAAE002832F9 /* README.mdown */ = {isa = PBXFileReference; fileEncoding = 4; lastKnownFileType = net.daringfireball.markdown; path = README.mdown; sourceTree = "<group>"; };
		F22DD9D41F42CAAE002832F9 /* UIButton+init.h */ = {isa = PBXFileReference; fileEncoding = 4; lastKnownFileType = sourcecode.c.h; path = "UIButton+init.h"; sourceTree = "<group>"; };
		F22DD9D51F42CAAE002832F9 /* UIButton+init.m */ = {isa = PBXFileReference; fileEncoding = 4; lastKnownFileType = sourcecode.c.objc; path = "UIButton+init.m"; sourceTree = "<group>"; };
		F22DD9D61F42CAAE002832F9 /* UIColor+Expanded.h */ = {isa = PBXFileReference; fileEncoding = 4; lastKnownFileType = sourcecode.c.h; path = "UIColor+Expanded.h"; sourceTree = "<group>"; };
		F22DD9D71F42CAAE002832F9 /* UIColor+Expanded.m */ = {isa = PBXFileReference; fileEncoding = 4; lastKnownFileType = sourcecode.c.objc; path = "UIColor+Expanded.m"; sourceTree = "<group>"; };
		F22DD9D81F42CAAE002832F9 /* Info.plist */ = {isa = PBXFileReference; fileEncoding = 4; lastKnownFileType = text.plist.xml; path = Info.plist; sourceTree = "<group>"; };
		F22DD9D91F42CAAE002832F9 /* main.m */ = {isa = PBXFileReference; fileEncoding = 4; lastKnownFileType = sourcecode.c.objc; path = main.m; sourceTree = "<group>"; };
		F22DD9DB1F42CAAE002832F9 /* StickerCell.h */ = {isa = PBXFileReference; fileEncoding = 4; lastKnownFileType = sourcecode.c.h; path = StickerCell.h; sourceTree = "<group>"; };
		F22DD9DC1F42CAAE002832F9 /* StickerCell.m */ = {isa = PBXFileReference; fileEncoding = 4; lastKnownFileType = sourcecode.c.objc; path = StickerCell.m; sourceTree = "<group>"; };
		F22DD9DD1F42CAAE002832F9 /* StickerView.h */ = {isa = PBXFileReference; fileEncoding = 4; lastKnownFileType = sourcecode.c.h; path = StickerView.h; sourceTree = "<group>"; };
		F22DD9DE1F42CAAE002832F9 /* StickerView.m */ = {isa = PBXFileReference; fileEncoding = 4; lastKnownFileType = sourcecode.c.objc; path = StickerView.m; sourceTree = "<group>"; };
		F22DD9DF1F42CAAE002832F9 /* ViewController.h */ = {isa = PBXFileReference; fileEncoding = 4; lastKnownFileType = sourcecode.c.h; path = ViewController.h; sourceTree = "<group>"; };
		F22DD9E01F42CAAE002832F9 /* ViewController.m */ = {isa = PBXFileReference; fileEncoding = 4; lastKnownFileType = sourcecode.c.objc; path = ViewController.m; sourceTree = "<group>"; };
/* End PBXFileReference section */

/* Begin PBXFrameworksBuildPhase section */
		F2128ED21ED56FB300A6162F /* Frameworks */ = {
			isa = PBXFrameworksBuildPhase;
			buildActionMask = 2147483647;
			files = (
			);
			runOnlyForDeploymentPostprocessing = 0;
		};
/* End PBXFrameworksBuildPhase section */

/* Begin PBXGroup section */
		26B7BC361FDE736A000A1057 /* TestBundlePath */ = {
			isa = PBXGroup;
			children = (
				26B7BC4E1FDE751D000A1057 /* TestBundle */,
				26B7BC371FDE736A000A1057 /* fuFilter.json */,
				26B7BC381FDE736A000A1057 /* TestPng */,
			);
			path = TestBundlePath;
			sourceTree = "<group>";
		};
		26B7BC381FDE736A000A1057 /* TestPng */ = {
			isa = PBXGroup;
			children = (
				266778791FDEA6E700CE1A84 /* newMood.png */,
				266778621FDE8FB500CE1A84 /* chri3.png */,
				266778661FDE8FB600CE1A84 /* DaisyPig.png */,
				266778671FDE8FB600CE1A84 /* fu_ztt_520kouh.png */,
				266778641FDE8FB500CE1A84 /* fu_ztt_live520.png */,
				266778611FDE8FB500CE1A84 /* tanghulu.png */,
				266778631FDE8FB500CE1A84 /* tiger.png */,
				26B7BC391FDE736A000A1057 /* BeagleDog.png */,
				26B7BC3A1FDE736A000A1057 /* ColorCrown.png */,
				26B7BC3B1FDE736A000A1057 /* Deer.png */,
				26B7BC3D1FDE736A000A1057 /* HappyRabbi.png */,
			);
			path = TestPng;
			sourceTree = "<group>";
		};
		26B7BC4E1FDE751D000A1057 /* TestBundle */ = {
			isa = PBXGroup;
			children = (
				266778771FDEA6DD00CE1A84 /* newMood.bundle */,
				266778581FDE8FA500CE1A84 /* chri3.bundle */,
				266778531FDE8FA500CE1A84 /* DaisyPig.bundle */,
				266778551FDE8FA500CE1A84 /* fu_ztt_520kouh.bundle */,
				266778591FDE8FA600CE1A84 /* fu_ztt_live520.bundle */,
				266778541FDE8FA500CE1A84 /* tanghulu.bundle */,
				266778571FDE8FA500CE1A84 /* tiger.bundle */,
				26B7BC4F1FDE751D000A1057 /* BeagleDog.bundle */,
				26B7BC501FDE751D000A1057 /* ColorCrown.bundle */,
				26B7BC511FDE751D000A1057 /* Deer.bundle */,
				26B7BC531FDE751D000A1057 /* HappyRabbi.bundle */,
			);
			path = TestBundle;
			sourceTree = "<group>";
		};
		F2128ECC1ED56FB300A6162F = {
			isa = PBXGroup;
			children = (
				F22DD9C41F42CAAE002832F9 /* KMCFilterDemo */,
				F2128ED61ED56FB300A6162F /* Products */,
			);
			sourceTree = "<group>";
		};
		F2128ED61ED56FB300A6162F /* Products */ = {
			isa = PBXGroup;
			children = (
				F2128ED51ED56FB300A6162F /* KMCFuFilterDemo.app */,
			);
			name = Products;
			sourceTree = "<group>";
		};
		F22DD9C41F42CAAE002832F9 /* KMCFilterDemo */ = {
			isa = PBXGroup;
			children = (
				F22DD9C51F42CAAE002832F9 /* AppDelegate.h */,
				F22DD9C61F42CAAE002832F9 /* AppDelegate.m */,
				F22DD9C71F42CAAE002832F9 /* Assets.xcassets */,
				F22DD9C81F42CAAE002832F9 /* LaunchScreen.storyboard */,
				F22DD9CA1F42CAAE002832F9 /* Main.storyboard */,
				F22DD9CC1F42CAAE002832F9 /* common */,
				F22DD9D81F42CAAE002832F9 /* Info.plist */,
				F22DD9D91F42CAAE002832F9 /* main.m */,
				F22DD9DA1F42CAAE002832F9 /* view */,
				F22DD9DF1F42CAAE002832F9 /* ViewController.h */,
				F22DD9E01F42CAAE002832F9 /* ViewController.m */,
				26B7BC361FDE736A000A1057 /* TestBundlePath */,
			);
			path = KMCFilterDemo;
			sourceTree = "<group>";
		};
		F22DD9CC1F42CAAE002832F9 /* common */ = {
			isa = PBXGroup;
			children = (
				26B7BC351FDE7299000A1057 /* Config.h */,
				F22DD9CD1F42CAAE002832F9 /* FilterManager.h */,
				F22DD9CE1F42CAAE002832F9 /* FilterManager.m */,
				F22DD9CF1F42CAAE002832F9 /* MBProgressHUD */,
				F22DD9D41F42CAAE002832F9 /* UIButton+init.h */,
				F22DD9D51F42CAAE002832F9 /* UIButton+init.m */,
				F22DD9D61F42CAAE002832F9 /* UIColor+Expanded.h */,
				F22DD9D71F42CAAE002832F9 /* UIColor+Expanded.m */,
			);
			path = common;
			sourceTree = "<group>";
		};
		F22DD9CF1F42CAAE002832F9 /* MBProgressHUD */ = {
			isa = PBXGroup;
			children = (
				F22DD9D01F42CAAE002832F9 /* LICENSE */,
				F22DD9D11F42CAAE002832F9 /* MBProgressHUD.h */,
				F22DD9D21F42CAAE002832F9 /* MBProgressHUD.m */,
				F22DD9D31F42CAAE002832F9 /* README.mdown */,
			);
			path = MBProgressHUD;
			sourceTree = "<group>";
		};
		F22DD9DA1F42CAAE002832F9 /* view */ = {
			isa = PBXGroup;
			children = (
				F22DD9DB1F42CAAE002832F9 /* StickerCell.h */,
				F22DD9DC1F42CAAE002832F9 /* StickerCell.m */,
				F22DD9DD1F42CAAE002832F9 /* StickerView.h */,
				F22DD9DE1F42CAAE002832F9 /* StickerView.m */,
			);
			path = view;
			sourceTree = "<group>";
		};
/* End PBXGroup section */

/* Begin PBXNativeTarget section */
		F2128ED41ED56FB300A6162F /* KMCFuFilterDemo */ = {
			isa = PBXNativeTarget;
			buildConfigurationList = F2128EEC1ED56FB300A6162F /* Build configuration list for PBXNativeTarget "KMCFuFilterDemo" */;
			buildPhases = (
				F2128ED11ED56FB300A6162F /* Sources */,
				F2128ED21ED56FB300A6162F /* Frameworks */,
				F2128ED31ED56FB300A6162F /* Resources */,
			);
			buildRules = (
			);
			dependencies = (
			);
			name = KMCFuFilterDemo;
			productName = KMCFuFilterDemo;
			productReference = F2128ED51ED56FB300A6162F /* KMCFuFilterDemo.app */;
			productType = "com.apple.product-type.application";
		};
/* End PBXNativeTarget section */

/* Begin PBXProject section */
		F2128ECD1ED56FB300A6162F /* Project object */ = {
			isa = PBXProject;
			attributes = {
				LastUpgradeCheck = 0830;
				ORGANIZATIONNAME = ksyun;
				TargetAttributes = {
					F2128ED41ED56FB300A6162F = {
						CreatedOnToolsVersion = 8.3.2;
						DevelopmentTeam = ZGJ54Q7R45;
						ProvisioningStyle = Automatic;
					};
				};
			};
			buildConfigurationList = F2128ED01ED56FB300A6162F /* Build configuration list for PBXProject "KMCFuFilterDemo" */;
			compatibilityVersion = "Xcode 3.2";
			developmentRegion = English;
			hasScannedForEncodings = 0;
			knownRegions = (
				en,
				Base,
			);
			mainGroup = F2128ECC1ED56FB300A6162F;
			productRefGroup = F2128ED61ED56FB300A6162F /* Products */;
			projectDirPath = "";
			projectRoot = "";
			targets = (
				F2128ED41ED56FB300A6162F /* KMCFuFilterDemo */,
			);
		};
/* End PBXProject section */

/* Begin PBXResourcesBuildPhase section */
		F2128ED31ED56FB300A6162F /* Resources */ = {
			isa = PBXResourcesBuildPhase;
			buildActionMask = 2147483647;
			files = (
				266778691FDE8FB600CE1A84 /* chri3.png in Resources */,
				26B7BC461FDE736A000A1057 /* Deer.png in Resources */,
				2667785A1FDE8FA600CE1A84 /* DaisyPig.bundle in Resources */,
				2667787A1FDEA6E700CE1A84 /* newMood.png in Resources */,
				2667786A1FDE8FB600CE1A84 /* tiger.png in Resources */,
				26B7BC441FDE736A000A1057 /* BeagleDog.png in Resources */,
				266778781FDEA6DE00CE1A84 /* newMood.bundle in Resources */,
				26B7BC551FDE751D000A1057 /* BeagleDog.bundle in Resources */,
				26B7BC451FDE736A000A1057 /* ColorCrown.png in Resources */,
				266778681FDE8FB600CE1A84 /* tanghulu.png in Resources */,
				2667785F1FDE8FA600CE1A84 /* chri3.bundle in Resources */,
				26B7BC431FDE736A000A1057 /* fuFilter.json in Resources */,
				F22DD9E41F42CAAE002832F9 /* Main.storyboard in Resources */,
				2667785C1FDE8FA600CE1A84 /* fu_ztt_520kouh.bundle in Resources */,
				2667786E1FDE8FB600CE1A84 /* fu_ztt_520kouh.png in Resources */,
				F22DD9E21F42CAAE002832F9 /* Assets.xcassets in Resources */,
				26B7BC571FDE751D000A1057 /* Deer.bundle in Resources */,
				2667785B1FDE8FA600CE1A84 /* tanghulu.bundle in Resources */,
				F22DD9E61F42CAAE002832F9 /* LICENSE in Resources */,
				2667786B1FDE8FB600CE1A84 /* fu_ztt_live520.png in Resources */,
				F22DD9EB1F42CAAE002832F9 /* Info.plist in Resources */,
				2667785E1FDE8FA600CE1A84 /* tiger.bundle in Resources */,
				266778601FDE8FA600CE1A84 /* fu_ztt_live520.bundle in Resources */,
				26B7BC481FDE736A000A1057 /* HappyRabbi.png in Resources */,
				2667786D1FDE8FB600CE1A84 /* DaisyPig.png in Resources */,
				F22DD9E31F42CAAE002832F9 /* LaunchScreen.storyboard in Resources */,
				26B7BC561FDE751D000A1057 /* ColorCrown.bundle in Resources */,
				26B7BC591FDE751D000A1057 /* HappyRabbi.bundle in Resources */,
			);
			runOnlyForDeploymentPostprocessing = 0;
		};
/* End PBXResourcesBuildPhase section */

/* Begin PBXSourcesBuildPhase section */
		F2128ED11ED56FB300A6162F /* Sources */ = {
			isa = PBXSourcesBuildPhase;
			buildActionMask = 2147483647;
			files = (
				F22DD9EA1F42CAAE002832F9 /* UIColor+Expanded.m in Sources */,
				F22DD9EE1F42CAAE002832F9 /* StickerView.m in Sources */,
				F22DD9E11F42CAAE002832F9 /* AppDelegate.m in Sources */,
				F22DD9E81F42CAAE002832F9 /* README.mdown in Sources */,
				F22DD9EF1F42CAAE002832F9 /* ViewController.m in Sources */,
				F22DD9E71F42CAAE002832F9 /* MBProgressHUD.m in Sources */,
				F22DD9E91F42CAAE002832F9 /* UIButton+init.m in Sources */,
				F22DD9ED1F42CAAE002832F9 /* StickerCell.m in Sources */,
				F22DD9EC1F42CAAE002832F9 /* main.m in Sources */,
				F22DD9E51F42CAAE002832F9 /* FilterManager.m in Sources */,
			);
			runOnlyForDeploymentPostprocessing = 0;
		};
/* End PBXSourcesBuildPhase section */

/* Begin PBXVariantGroup section */
		F22DD9C81F42CAAE002832F9 /* LaunchScreen.storyboard */ = {
			isa = PBXVariantGroup;
			children = (
				F22DD9C91F42CAAE002832F9 /* Base */,
			);
			name = LaunchScreen.storyboard;
			sourceTree = "<group>";
		};
		F22DD9CA1F42CAAE002832F9 /* Main.storyboard */ = {
			isa = PBXVariantGroup;
			children = (
				F22DD9CB1F42CAAE002832F9 /* Base */,
			);
			name = Main.storyboard;
			sourceTree = "<group>";
		};
/* End PBXVariantGroup section */

/* Begin XCBuildConfiguration section */
		F2128EEA1ED56FB300A6162F /* Debug */ = {
			isa = XCBuildConfiguration;
			buildSettings = {
				ALWAYS_SEARCH_USER_PATHS = NO;
				CLANG_ANALYZER_NONNULL = YES;
				CLANG_ANALYZER_NUMBER_OBJECT_CONVERSION = YES_AGGRESSIVE;
				CLANG_CXX_LANGUAGE_STANDARD = "gnu++0x";
				CLANG_CXX_LIBRARY = "libc++";
				CLANG_ENABLE_MODULES = YES;
				CLANG_ENABLE_OBJC_ARC = YES;
				CLANG_WARN_BOOL_CONVERSION = YES;
				CLANG_WARN_CONSTANT_CONVERSION = YES;
				CLANG_WARN_DIRECT_OBJC_ISA_USAGE = YES_ERROR;
				CLANG_WARN_DOCUMENTATION_COMMENTS = YES;
				CLANG_WARN_EMPTY_BODY = YES;
				CLANG_WARN_ENUM_CONVERSION = YES;
				CLANG_WARN_INFINITE_RECURSION = YES;
				CLANG_WARN_INT_CONVERSION = YES;
				CLANG_WARN_OBJC_ROOT_CLASS = YES_ERROR;
				CLANG_WARN_SUSPICIOUS_MOVE = YES;
				CLANG_WARN_UNREACHABLE_CODE = YES;
				CLANG_WARN__DUPLICATE_METHOD_MATCH = YES;
				"CODE_SIGN_IDENTITY[sdk=iphoneos*]" = "iPhone Developer";
				COPY_PHASE_STRIP = NO;
				DEBUG_INFORMATION_FORMAT = dwarf;
				ENABLE_STRICT_OBJC_MSGSEND = YES;
				ENABLE_TESTABILITY = YES;
				GCC_C_LANGUAGE_STANDARD = gnu99;
				GCC_DYNAMIC_NO_PIC = NO;
				GCC_NO_COMMON_BLOCKS = YES;
				GCC_OPTIMIZATION_LEVEL = 0;
				GCC_PREPROCESSOR_DEFINITIONS = (
					"DEBUG=1",
					"$(inherited)",
				);
				GCC_WARN_64_TO_32_BIT_CONVERSION = YES;
				GCC_WARN_ABOUT_RETURN_TYPE = YES_ERROR;
				GCC_WARN_UNDECLARED_SELECTOR = YES;
				GCC_WARN_UNINITIALIZED_AUTOS = YES_AGGRESSIVE;
				GCC_WARN_UNUSED_FUNCTION = YES;
				GCC_WARN_UNUSED_VARIABLE = YES;
				IPHONEOS_DEPLOYMENT_TARGET = 10.3;
				MTL_ENABLE_DEBUG_INFO = YES;
				ONLY_ACTIVE_ARCH = YES;
				SDKROOT = iphoneos;
				TARGETED_DEVICE_FAMILY = "1,2";
			};
			name = Debug;
		};
		F2128EEB1ED56FB300A6162F /* Release */ = {
			isa = XCBuildConfiguration;
			buildSettings = {
				ALWAYS_SEARCH_USER_PATHS = NO;
				CLANG_ANALYZER_NONNULL = YES;
				CLANG_ANALYZER_NUMBER_OBJECT_CONVERSION = YES_AGGRESSIVE;
				CLANG_CXX_LANGUAGE_STANDARD = "gnu++0x";
				CLANG_CXX_LIBRARY = "libc++";
				CLANG_ENABLE_MODULES = YES;
				CLANG_ENABLE_OBJC_ARC = YES;
				CLANG_WARN_BOOL_CONVERSION = YES;
				CLANG_WARN_CONSTANT_CONVERSION = YES;
				CLANG_WARN_DIRECT_OBJC_ISA_USAGE = YES_ERROR;
				CLANG_WARN_DOCUMENTATION_COMMENTS = YES;
				CLANG_WARN_EMPTY_BODY = YES;
				CLANG_WARN_ENUM_CONVERSION = YES;
				CLANG_WARN_INFINITE_RECURSION = YES;
				CLANG_WARN_INT_CONVERSION = YES;
				CLANG_WARN_OBJC_ROOT_CLASS = YES_ERROR;
				CLANG_WARN_SUSPICIOUS_MOVE = YES;
				CLANG_WARN_UNREACHABLE_CODE = YES;
				CLANG_WARN__DUPLICATE_METHOD_MATCH = YES;
				"CODE_SIGN_IDENTITY[sdk=iphoneos*]" = "iPhone Developer";
				COPY_PHASE_STRIP = NO;
				DEBUG_INFORMATION_FORMAT = "dwarf-with-dsym";
				ENABLE_NS_ASSERTIONS = NO;
				ENABLE_STRICT_OBJC_MSGSEND = YES;
				GCC_C_LANGUAGE_STANDARD = gnu99;
				GCC_NO_COMMON_BLOCKS = YES;
				GCC_WARN_64_TO_32_BIT_CONVERSION = YES;
				GCC_WARN_ABOUT_RETURN_TYPE = YES_ERROR;
				GCC_WARN_UNDECLARED_SELECTOR = YES;
				GCC_WARN_UNINITIALIZED_AUTOS = YES_AGGRESSIVE;
				GCC_WARN_UNUSED_FUNCTION = YES;
				GCC_WARN_UNUSED_VARIABLE = YES;
				IPHONEOS_DEPLOYMENT_TARGET = 10.3;
				MTL_ENABLE_DEBUG_INFO = NO;
				SDKROOT = iphoneos;
				TARGETED_DEVICE_FAMILY = "1,2";
				VALIDATE_PRODUCT = YES;
			};
			name = Release;
		};
		F2128EED1ED56FB300A6162F /* Debug */ = {
			isa = XCBuildConfiguration;
			buildSettings = {
				ASSETCATALOG_COMPILER_APPICON_NAME = AppIcon;
				DEVELOPMENT_TEAM = ZGJ54Q7R45;
				ENABLE_BITCODE = NO;
				FRAMEWORK_SEARCH_PATHS = "$(inherited)";
				GCC_PREPROCESSOR_DEFINITIONS = (
					"$(inherited)",
					"COCOAPODS=1",
					"FUFILTER=1",
				);
				HEADER_SEARCH_PATHS = (
					"$(inherited)",
					"\"${PODS_ROOT}/Headers/Public\"",
					"\"${PODS_ROOT}/Headers/Public/GPUImage\"",
					"\"${PODS_ROOT}/Headers/Public/MBProgressHUD\"",
					"\"${PODS_ROOT}/Headers/Public/MJExtension\"",
					"\"${PODS_ROOT}/Headers/Public/Masonry\"",
					"\"${PODS_ROOT}/Headers/Public/SDWebImage\"",
					"\"${PODS_ROOT}/Headers/Public/UICKeyChainStore\"",
					"\"${PODS_ROOT}/Headers/Public/libksygpulive\"",
					../framework/KMCFuFilter.framework/Headers,
				);
				INFOPLIST_FILE = "$(SRCROOT)/KMCFilterDemo/Info.plist";
				IPHONEOS_DEPLOYMENT_TARGET = 8.0;
				LD_RUNPATH_SEARCH_PATHS = "$(inherited) @executable_path/Frameworks";
				PRODUCT_BUNDLE_IDENTIFIER = com.ksyun.KMCFuFilterDemo.sticker;
				PRODUCT_NAME = "$(TARGET_NAME)";
			};
			name = Debug;
		};
		F2128EEE1ED56FB300A6162F /* Release */ = {
			isa = XCBuildConfiguration;
			buildSettings = {
				ASSETCATALOG_COMPILER_APPICON_NAME = AppIcon;
				DEVELOPMENT_TEAM = ZGJ54Q7R45;
				ENABLE_BITCODE = NO;
				FRAMEWORK_SEARCH_PATHS = "$(inherited)";
				GCC_PREPROCESSOR_DEFINITIONS = (
					"$(inherited)",
					"COCOAPODS=1",
					"FUFILTER=1",
				);
				HEADER_SEARCH_PATHS = (
					"$(inherited)",
					"\"${PODS_ROOT}/Headers/Public\"",
					"\"${PODS_ROOT}/Headers/Public/GPUImage\"",
					"\"${PODS_ROOT}/Headers/Public/MBProgressHUD\"",
					"\"${PODS_ROOT}/Headers/Public/MJExtension\"",
					"\"${PODS_ROOT}/Headers/Public/Masonry\"",
					"\"${PODS_ROOT}/Headers/Public/SDWebImage\"",
					"\"${PODS_ROOT}/Headers/Public/UICKeyChainStore\"",
					"\"${PODS_ROOT}/Headers/Public/libksygpulive\"",
					../framework/KMCFuFilter.framework/Headers,
				);
				INFOPLIST_FILE = "$(SRCROOT)/KMCFilterDemo/Info.plist";
				IPHONEOS_DEPLOYMENT_TARGET = 8.0;
				LD_RUNPATH_SEARCH_PATHS = "$(inherited) @executable_path/Frameworks";
				PRODUCT_BUNDLE_IDENTIFIER = com.ksyun.KMCFuFilterDemo.sticker;
				PRODUCT_NAME = "$(TARGET_NAME)";
			};
			name = Release;
		};
/* End XCBuildConfiguration section */

/* Begin XCConfigurationList section */
		F2128ED01ED56FB300A6162F /* Build configuration list for PBXProject "KMCFuFilterDemo" */ = {
			isa = XCConfigurationList;
			buildConfigurations = (
				F2128EEA1ED56FB300A6162F /* Debug */,
				F2128EEB1ED56FB300A6162F /* Release */,
			);
			defaultConfigurationIsVisible = 0;
			defaultConfigurationName = Release;
		};
		F2128EEC1ED56FB300A6162F /* Build configuration list for PBXNativeTarget "KMCFuFilterDemo" */ = {
			isa = XCConfigurationList;
			buildConfigurations = (
				F2128EED1ED56FB300A6162F /* Debug */,
				F2128EEE1ED56FB300A6162F /* Release */,
			);
			defaultConfigurationIsVisible = 0;
			defaultConfigurationName = Release;
		};
/* End XCConfigurationList section */
	};
	rootObject = F2128ECD1ED56FB300A6162F /* Project object */;
}
